
Microsoft Visual Studio Solution File, Format Version 12.00
# Visual Studio Version 18
VisualStudioVersion = 18.4.11626.88 stable
MinimumVisualStudioVersion = 10.0.40219.1
Project("{FAE04EC0-301F-11D3-BF4B-00C04F79EFBC}") = "KLHomeManagement", "KLHomeManagement.csproj", "{B11D1DCC-C63D-481E-9EFE-3877CE52100B}"
EndProject
Global
	GlobalSection(SolutionConfigurationPlatforms) = preSolution
		Debug|Any CPU = Debug|Any CPU
		Release|Any CPU = Release|Any CPU
	EndGlobalSection
	GlobalSection(ProjectConfigurationPlatforms) = postSolution
		{B11D1DCC-C63D-481E-9EFE-3877CE52100B}.Debug|Any CPU.ActiveCfg = Debug|Any CPU
		{B11D1DCC-C63D-481E-9EFE-3877CE52100B}.Debug|Any CPU.Build.0 = Debug|Any CPU
		{B11D1DCC-C63D-481E-9EFE-3877CE52100B}.Release|Any CPU.ActiveCfg = Release|Any CPU
		{B11D1DCC-C63D-481E-9EFE-3877CE52100B}.Release|Any CPU.Build.0 = Release|Any CPU
	EndGlobalSection
	GlobalSection(SolutionProperties) = preSolution
		HideSolutionNode = FALSE
	EndGlobalSection
	GlobalSection(ExtensibilityGlobals) = postSolution
		SolutionGuid = {6C93FBBF-BFBF-4E99-8F05-ACECBCFADA89}
	EndGlobalSection
EndGlobal
